Microsoft Visual Studio Solution File, Format Version 11.00
# Visual Studio 2008

Project("{A14C8CF1-31F7-454F-130D-6B4DD28F4AFD}") = "Ch29-Mission-Demolition", "Assembly-CSharp.csproj", "{CDB8525D-5F92-DA68-779D-B9E8EAD7BE41}"
EndProject
Global
	GlobalSection(SolutionConfigurationPlatforms) = preSolution
		Debug|Any CPU = Debug|Any CPU
		Release|Any CPU = Release|Any CPU
	EndGlobalSection
	GlobalSection(ProjectConfigurationPlatforms) = postSolution
		{CDB8525D-5F92-DA68-779D-B9E8EAD7BE41}.Debug|Any CPU.ActiveCfg = Debug|Any CPU
		{CDB8525D-5F92-DA68-779D-B9E8EAD7BE41}.Debug|Any CPU.Build.0 = Debug|Any CPU
		{CDB8525D-5F92-DA68-779D-B9E8EAD7BE41}.Release|Any CPU.ActiveCfg = Release|Any CPU
		{CDB8525D-5F92-DA68-779D-B9E8EAD7BE41}.Release|Any CPU.Build.0 = Release|Any CPU
	EndGlobalSection
	GlobalSection(SolutionProperties) = preSolution
		HideSolutionNode = FALSE
	EndGlobalSection
	GlobalSection(MonoDevelopProperties) = preSolution
		StartupItem = Assembly-CSharp.csproj
	EndGlobalSection
EndGlobal
